# This file is generated by running "yarn install" inside your project.
# Manual changes might be lost - proceed with caution!

__metadata:
  version: 4
  cacheKey: 5

"bug-yarn-run@workspace:.":
  version: 0.0.0-use.local
  resolution: "bug-yarn-run@workspace:."
  languageName: unknown
  linkType: soft

"lib@workspace:lib":
  version: 0.0.0-use.local
  resolution: "lib@workspace:lib"
  dependencies:
    nanoid: ^3.1.12
  languageName: unknown
  linkType: soft

"nanoid@npm:^3.1.12":
  version: 3.1.12
  resolution: "nanoid@npm:3.1.12"
  bin:
    nanoid: bin/nanoid.cjs
  checksum: dc51417babadca4b00c2126ac0bc1c01e842e3c40edda2d3e1da40e8aae4d691a2a0b9d8e9c3a8cdb16133345a47f9135f0d0eef85a66ad31711ad3d908050e4
  languageName: node
  linkType: hard
